
Microsoft Visual Studio Solution File, Format Version 12.00
# Visual Studio Version 16
VisualStudioVersion = 16.0.31515.178
MinimumVisualStudioVersion = 10.0.40219.1
Project("{2150E333-8FDC-42A3-9474-1A3956D46DE8}") = "Inheritance", "Inheritance", "{EFA96AE1-D252-4909-9962-31647CD263E8}"
EndProject
Project("{FAE04EC0-301F-11D3-BF4B-00C04F79EFBC}") = "Inheritance", "Inheritance\Inheritance.csproj", "{1B8EA098-1DBE-4355-BE75-C5E8996994D9}"
EndProject
Global
	GlobalSection(SolutionConfigurationPlatforms) = preSolution
		Debug|Any CPU = Debug|Any CPU
		Release|Any CPU = Release|Any CPU
	EndGlobalSection
	GlobalSection(ProjectConfigurationPlatforms) = postSolution
		{1B8EA098-1DBE-4355-BE75-C5E8996994D9}.Debug|Any CPU.ActiveCfg = Debug|Any CPU
		{1B8EA098-1DBE-4355-BE75-C5E8996994D9}.Debug|Any CPU.Build.0 = Debug|Any CPU
		{1B8EA098-1DBE-4355-BE75-C5E8996994D9}.Release|Any CPU.ActiveCfg = Release|Any CPU
		{1B8EA098-1DBE-4355-BE75-C5E8996994D9}.Release|Any CPU.Build.0 = Release|Any CPU
	EndGlobalSection
	GlobalSection(SolutionProperties) = preSolution
		HideSolutionNode = FALSE
	EndGlobalSection
	GlobalSection(NestedProjects) = preSolution
		{1B8EA098-1DBE-4355-BE75-C5E8996994D9} = {EFA96AE1-D252-4909-9962-31647CD263E8}
	EndGlobalSection
	GlobalSection(ExtensibilityGlobals) = postSolution
		SolutionGuid = {585C48E7-7433-4523-A33D-E577470DCE7C}
	EndGlobalSection
EndGlobal
